{
  "name": "test",
  "version": "1.0.0",
  "lockfileVersion": 1,
  "requires": true,
  "dependencies": {
    "acorn": {
      "version": "6.4.2",
      "resolved": "https://registry.npmjs.org/acorn/-/acorn-6.4.2.tgz",
      "integrity": "sha512-XtGIhXwF8YM8bJhGxG5kXgjkEuNGLTkoYqVE+KMR+aspr4KGYmKYg7yUe3KghyQ9yheNwLnjmzh/7+gfDBmHCQ=="
    },
    "prettier": {
      "version": "1.19.1",
      "resolved": "https://registry.npmjs.org/prettier/-/prettier-1.19.1.tgz",
      "integrity": "sha512-s7PoyDv/II1ObgQunCbB9PdLmUcBZcnWOcxDh7O0N/UwDEsHyqkW+Qh28jW+mVuCdx7gLB0BotYI1Y6uI9iyew==",
      "dev": true
    },
    "sval": {
      "version": "0.4.8",
      "resolved": "https://registry.npmjs.org/sval/-/sval-0.4.8.tgz",
      "integrity": "sha512-YoJztDXNW5tho3xlR4vHVq3Caqk5aqC6Z862ICoFX1bVbWxQ6OPxD7SE1mjfj13oaek5l4whykWNUO1TX0oIhg==",
      "requires": {
        "acorn": "^6.4.1"
      }
    }
  }
}
